
Microsoft Visual Studio Solution File, Format Version 12.00
# Visual Studio Version 17
VisualStudioVersion = 17.0.31903.59
MinimumVisualStudioVersion = 10.0.40219.1
Project("{2150E333-8FDC-42A3-9474-1A3956D46DE8}") = "Solution Items", "Solution Items", "{A09DA6A1-C47F-442F-9582-DDB7D7C9DAFA}"
	ProjectSection(SolutionItems) = preProject
		.editorconfig = .editorconfig
		.gitignore = .gitignore
		src\Directory.Build.props = src\Directory.Build.props
	EndProjectSection
EndProject
Project("{FAE04EC0-301F-11D3-BF4B-00C04F79EFBC}") = "Planrbot.Server", "src\Planrbot.Server\Planrbot.Server.csproj", "{3E1C6E8B-4F1E-4037-8D8D-D5FEFA8FCD72}"
EndProject
Project("{FAE04EC0-301F-11D3-BF4B-00C04F79EFBC}") = "Planrbot.Models", "src\Planrbot.Models\Planrbot.Models.csproj", "{9CFDE352-55A6-4BF6-93DC-3CFA2A51CB90}"
EndProject
Global
	GlobalSection(SolutionConfigurationPlatforms) = preSolution
		Debug|Any CPU = Debug|Any CPU
		Release|Any CPU = Release|Any CPU
	EndGlobalSection
	GlobalSection(ProjectConfigurationPlatforms) = postSolution
		{3E1C6E8B-4F1E-4037-8D8D-D5FEFA8FCD72}.Debug|Any CPU.ActiveCfg = Debug|Any CPU
		{3E1C6E8B-4F1E-4037-8D8D-D5FEFA8FCD72}.Debug|Any CPU.Build.0 = Debug|Any CPU
		{3E1C6E8B-4F1E-4037-8D8D-D5FEFA8FCD72}.Release|Any CPU.ActiveCfg = Release|Any CPU
		{3E1C6E8B-4F1E-4037-8D8D-D5FEFA8FCD72}.Release|Any CPU.Build.0 = Release|Any CPU
		{9CFDE352-55A6-4BF6-93DC-3CFA2A51CB90}.Debug|Any CPU.ActiveCfg = Debug|Any CPU
		{9CFDE352-55A6-4BF6-93DC-3CFA2A51CB90}.Debug|Any CPU.Build.0 = Debug|Any CPU
		{9CFDE352-55A6-4BF6-93DC-3CFA2A51CB90}.Release|Any CPU.ActiveCfg = Release|Any CPU
		{9CFDE352-55A6-4BF6-93DC-3CFA2A51CB90}.Release|Any CPU.Build.0 = Release|Any CPU
	EndGlobalSection
	GlobalSection(SolutionProperties) = preSolution
		HideSolutionNode = FALSE
	EndGlobalSection
	GlobalSection(ExtensibilityGlobals) = postSolution
		SolutionGuid = {FB100C26-D8FA-4EE2-9C6A-DBAB60BBC2BE}
	EndGlobalSection
EndGlobal
